
Microsoft Visual Studio Solution File, Format Version 12.00
# Visual Studio Version 17
VisualStudioVersion = 17.10.35013.160
MinimumVisualStudioVersion = 10.0.40219.1
Project("{9A19103F-16F7-4668-BE54-9A1E7A4F7556}") = "EmployeeRating", "EmployeeRating.csproj", "{04970482-694A-4761-9DDC-19643DB0D84C}"
EndProject
Project("{9A19103F-16F7-4668-BE54-9A1E7A4F7556}") = "EmployeeRating.Lib", "EmployeeRateCard.Lib\EmployeeRating.Lib.csproj", "{D15DA466-1EE9-42E3-ACAD-D2EE89A8EDA8}"
EndProject
Global
	GlobalSection(SolutionConfigurationPlatforms) = preSolution
		Debug|Any CPU = Debug|Any CPU
		Release|Any CPU = Release|Any CPU
	EndGlobalSection
	GlobalSection(ProjectConfigurationPlatforms) = postSolution
		{04970482-694A-4761-9DDC-19643DB0D84C}.Debug|Any CPU.ActiveCfg = Debug|Any CPU
		{04970482-694A-4761-9DDC-19643DB0D84C}.Debug|Any CPU.Build.0 = Debug|Any CPU
		{04970482-694A-4761-9DDC-19643DB0D84C}.Release|Any CPU.ActiveCfg = Release|Any CPU
		{04970482-694A-4761-9DDC-19643DB0D84C}.Release|Any CPU.Build.0 = Release|Any CPU
		{D15DA466-1EE9-42E3-ACAD-D2EE89A8EDA8}.Debug|Any CPU.ActiveCfg = Debug|Any CPU
		{D15DA466-1EE9-42E3-ACAD-D2EE89A8EDA8}.Debug|Any CPU.Build.0 = Debug|Any CPU
		{D15DA466-1EE9-42E3-ACAD-D2EE89A8EDA8}.Release|Any CPU.ActiveCfg = Release|Any CPU
		{D15DA466-1EE9-42E3-ACAD-D2EE89A8EDA8}.Release|Any CPU.Build.0 = Release|Any CPU
	EndGlobalSection
	GlobalSection(SolutionProperties) = preSolution
		HideSolutionNode = FALSE
	EndGlobalSection
	GlobalSection(ExtensibilityGlobals) = postSolution
		SolutionGuid = {BE776429-FB94-4EDC-83E3-185842F8E17D}
	EndGlobalSection
EndGlobal
